
Microsoft Visual Studio Solution File, Format Version 12.00
# Visual Studio 15
Project("{FAE04EC0-301F-11D3-BF4B-00C04F79EFBC}") = "UnityEngine.TestRunner", "UnityEngine.TestRunner.csproj", "{DF5D79B0-682C-9760-4C77-EF7BE4E60358}"
EndProject
Project("{FAE04EC0-301F-11D3-BF4B-00C04F79EFBC}") = "Unity.VisualScripting.Flow", "Unity.VisualScripting.Flow.csproj", "{229CD9E3-A45D-F156-490B-35C880F55C5B}"
EndProject
Project("{FAE04EC0-301F-11D3-BF4B-00C04F79EFBC}") = "Unity.Services.Core.Telemetry", "Unity.Services.Core.Telemetry.csproj", "{E308872F-ED3E-40C3-0C82-745B80435F3B}"
EndProject
Project("{FAE04EC0-301F-11D3-BF4B-00C04F79EFBC}") = "Unity.VisualScripting.State", "Unity.VisualScripting.State.csproj", "{C5557A1D-C931-58F6-C851-492C1A145B54}"
EndProject
Project("{FAE04EC0-301F-11D3-BF4B-00C04F79EFBC}") = "Unity.VisualScripting.Core", "Unity.VisualScripting.Core.csproj", "{D3371641-A9F1-E0D7-7BC3-8C40483BDEAB}"
EndProject
Project("{FAE04EC0-301F-11D3-BF4B-00C04F79EFBC}") = "Unity.Services.Core.Environments.Internal", "Unity.Services.Core.Environments.Internal.csproj", "{EBED587B-6203-1325-C83C-CDC591ED17EA}"
EndProject
Project("{FAE04EC0-301F-11D3-BF4B-00C04F79EFBC}") = "Unity.TextMeshPro", "Unity.TextMeshPro.csproj", "{46E1AF0E-8A17-A125-D487-5706CC5F170C}"
EndProject
Project("{FAE04EC0-301F-11D3-BF4B-00C04F79EFBC}") = "Unity.Timeline", "Unity.Timeline.csproj", "{985AF301-274B-4188-1EC2-C6C913B3C2E6}"
EndProject
Project("{FAE04EC0-301F-11D3-BF4B-00C04F79EFBC}") = "Assembly-CSharp", "Assembly-CSharp.csproj", "{8907590F-3E13-47C4-16AC-6B2600134223}"
EndProject
Project("{FAE04EC0-301F-11D3-BF4B-00C04F79EFBC}") = "Unity.Services.Core.Environments", "Unity.Services.Core.Environments.csproj", "{E3495596-78EC-93B5-E201-2D2197C65EF6}"
EndProject
Project("{FAE04EC0-301F-11D3-BF4B-00C04F79EFBC}") = "Unity.Services.Core.Internal", "Unity.Services.Core.Internal.csproj", "{BE83FF4D-A9BA-B0D3-DC05-55F5BFA499FB}"
EndProject
Project("{FAE04EC0-301F-11D3-BF4B-00C04F79EFBC}") = "Unity.Services.Core.Analytics", "Unity.Services.Core.Analytics.csproj", "{CF55346D-E167-1605-D5E4-8F0B11FD5ECB}"
EndProject
Project("{FAE04EC0-301F-11D3-BF4B-00C04F79EFBC}") = "Unity.Services.Core.Scheduler", "Unity.Services.Core.Scheduler.csproj", "{3460828E-ADB2-2157-746E-F2F405ED9BD2}"
EndProject
Project("{FAE04EC0-301F-11D3-BF4B-00C04F79EFBC}") = "Unity.Services.Core.Registration", "Unity.Services.Core.Registration.csproj", "{A9AB20D5-6240-6342-C02A-879D7851B5A0}"
EndProject
Project("{FAE04EC0-301F-11D3-BF4B-00C04F79EFBC}") = "Unity.Services.Core.Device", "Unity.Services.Core.Device.csproj", "{998E0DEF-6777-87E5-857A-BC063EFE2E07}"
EndProject
Project("{FAE04EC0-301F-11D3-BF4B-00C04F79EFBC}") = "Unity.Services.Core.Threading", "Unity.Services.Core.Threading.csproj", "{550AE3C2-8EDF-788F-1666-EC6332C08569}"
EndProject
Project("{FAE04EC0-301F-11D3-BF4B-00C04F79EFBC}") = "Unity.Services.Core.Networking", "Unity.Services.Core.Networking.csproj", "{855267C4-A90D-59F1-21B2-E81A2E44798E}"
EndProject
Project("{FAE04EC0-301F-11D3-BF4B-00C04F79EFBC}") = "Unity.Services.Core", "Unity.Services.Core.csproj", "{B7F627C7-0BF2-CDBA-7E63-3ECD8722FD83}"
EndProject
Project("{FAE04EC0-301F-11D3-BF4B-00C04F79EFBC}") = "Unity.Services.Core.Configuration", "Unity.Services.Core.Configuration.csproj", "{17285F31-8FAA-534F-F834-19AA8425873E}"
EndProject
Project("{FAE04EC0-301F-11D3-BF4B-00C04F79EFBC}") = "Unity.PlasticSCM.Editor", "Unity.PlasticSCM.Editor.csproj", "{CDA89953-8D36-8C06-E5CF-0A06535B64D5}"
EndProject
Project("{FAE04EC0-301F-11D3-BF4B-00C04F79EFBC}") = "Unity.VisualScripting.Core.Editor", "Unity.VisualScripting.Core.Editor.csproj", "{3B6D5421-ABE9-9522-945B-D1FCF72677F3}"
EndProject
Project("{FAE04EC0-301F-11D3-BF4B-00C04F79EFBC}") = "Unity.VisualScripting.Flow.Editor", "Unity.VisualScripting.Flow.Editor.csproj", "{ADECD187-9CC3-3B3F-9933-0AC698AD3D59}"
EndProject
Project("{FAE04EC0-301F-11D3-BF4B-00C04F79EFBC}") = "Unity.VisualStudio.Editor", "Unity.VisualStudio.Editor.csproj", "{8A3D7814-3EF1-6FE6-F4EE-AD7323F34712}"
EndProject
Project("{FAE04EC0-301F-11D3-BF4B-00C04F79EFBC}") = "Unity.Timeline.Editor", "Unity.Timeline.Editor.csproj", "{03B5FCA6-4B46-6E87-EA53-F57ECECBA949}"
EndProject
Project("{FAE04EC0-301F-11D3-BF4B-00C04F79EFBC}") = "Unity.VisualScripting.State.Editor", "Unity.VisualScripting.State.Editor.csproj", "{0E6663A9-619B-9B96-283B-0D161DF21C32}"
EndProject
Project("{FAE04EC0-301F-11D3-BF4B-00C04F79EFBC}") = "Unity.TextMeshPro.Editor", "Unity.TextMeshPro.Editor.csproj", "{7CD4F087-D0DA-B175-AE59-0622299782A1}"
EndProject
Project("{FAE04EC0-301F-11D3-BF4B-00C04F79EFBC}") = "Unity.VisualScripting.SettingsProvider.Editor", "Unity.VisualScripting.SettingsProvider.Editor.csproj", "{36D9A429-88A8-6000-CF93-CFC52E0B8AFD}"
EndProject
Project("{FAE04EC0-301F-11D3-BF4B-00C04F79EFBC}") = "Unity.CollabProxy.Editor", "Unity.CollabProxy.Editor.csproj", "{030820D3-38D8-290F-83CD-7AF04CD064F3}"
EndProject
Project("{FAE04EC0-301F-11D3-BF4B-00C04F79EFBC}") = "UnityEditor.TestRunner", "UnityEditor.TestRunner.csproj", "{46597685-59E2-0E17-553C-E5B491A172F9}"
EndProject
Project("{FAE04EC0-301F-11D3-BF4B-00C04F79EFBC}") = "Unity.Services.Core.Editor", "Unity.Services.Core.Editor.csproj", "{962326BE-A448-28EB-3833-44C9B2FCCFC8}"
EndProject
Project("{FAE04EC0-301F-11D3-BF4B-00C04F79EFBC}") = "Unity.TestTools.CodeCoverage.Editor", "Unity.TestTools.CodeCoverage.Editor.csproj", "{33FFD1B7-1D94-BE02-9012-33A4F1F8AD46}"
EndProject
Project("{FAE04EC0-301F-11D3-BF4B-00C04F79EFBC}") = "Unity.Rider.Editor", "Unity.Rider.Editor.csproj", "{A27592D5-FD12-78A2-1934-CE78795A937A}"
EndProject
Project("{FAE04EC0-301F-11D3-BF4B-00C04F79EFBC}") = "Unity.Performance.Profile-Analyzer.Editor", "Unity.Performance.Profile-Analyzer.Editor.csproj", "{A360F362-6399-815A-F4FA-D053AFFFC11B}"
EndProject
Project("{FAE04EC0-301F-11D3-BF4B-00C04F79EFBC}") = "Unity.VSCode.Editor", "Unity.VSCode.Editor.csproj", "{BBB0C895-764B-D38A-B030-889CF9B30B4A}"
EndProject
Project("{FAE04EC0-301F-11D3-BF4B-00C04F79EFBC}") = "Unity.TestTools.CodeCoverage.Editor.OpenCover.Model", "Unity.TestTools.CodeCoverage.Editor.OpenCover.Model.csproj", "{4878C0BF-95C9-400C-FB68-727FAF0C5F66}"
EndProject
Project("{FAE04EC0-301F-11D3-BF4B-00C04F79EFBC}") = "Unity.EditorCoroutines.Editor", "Unity.EditorCoroutines.Editor.csproj", "{D28E0D7F-9145-4D24-E0C3-8D078D6667CF}"
EndProject
Project("{FAE04EC0-301F-11D3-BF4B-00C04F79EFBC}") = "Unity.Settings.Editor", "Unity.Settings.Editor.csproj", "{7E5B88B2-FEE7-C3E7-58B9-7B2CC65C9EC9}"
EndProject
Project("{FAE04EC0-301F-11D3-BF4B-00C04F79EFBC}") = "Unity.Services.Core.Configuration.Editor", "Unity.Services.Core.Configuration.Editor.csproj", "{6600D73A-FD1E-2AE0-6CF3-C9528A396D28}"
EndProject
Project("{FAE04EC0-301F-11D3-BF4B-00C04F79EFBC}") = "Unity.TestTools.CodeCoverage.Editor.OpenCover.Mono.Reflection", "Unity.TestTools.CodeCoverage.Editor.OpenCover.Mono.Reflection.csproj", "{25FB714A-1DD5-867F-DB5B-952FE4CEEDC3}"
EndProject
Project("{FAE04EC0-301F-11D3-BF4B-00C04F79EFBC}") = "Unity.VisualScripting.Shared.Editor", "Unity.VisualScripting.Shared.Editor.csproj", "{3B6D8158-C253-2AEB-74DB-70C730D258F7}"
EndProject
Global
	GlobalSection(SolutionConfigurationPlatforms) = preSolution
		Debug|Any CPU = Debug|Any CPU
		Release|Any CPU = Release|Any CPU
	EndGlobalSection
	GlobalSection(ProjectConfigurationPlatforms) = postSolution
		{DF5D79B0-682C-9760-4C77-EF7BE4E60358}.Debug|Any CPU.ActiveCfg = Debug|Any CPU
		{DF5D79B0-682C-9760-4C77-EF7BE4E60358}.Debug|Any CPU.Build.0 = Debug|Any CPU
		{DF5D79B0-682C-9760-4C77-EF7BE4E60358}.Release|Any CPU.ActiveCfg = Release|Any CPU
		{DF5D79B0-682C-9760-4C77-EF7BE4E60358}.Release|Any CPU.Build.0 = Release|Any CPU
		{229CD9E3-A45D-F156-490B-35C880F55C5B}.Debug|Any CPU.ActiveCfg = Debug|Any CPU
		{229CD9E3-A45D-F156-490B-35C880F55C5B}.Debug|Any CPU.Build.0 = Debug|Any CPU
		{229CD9E3-A45D-F156-490B-35C880F55C5B}.Release|Any CPU.ActiveCfg = Release|Any CPU
		{229CD9E3-A45D-F156-490B-35C880F55C5B}.Release|Any CPU.Build.0 = Release|Any CPU
		{E308872F-ED3E-40C3-0C82-745B80435F3B}.Debug|Any CPU.ActiveCfg = Debug|Any CPU
		{E308872F-ED3E-40C3-0C82-745B80435F3B}.Debug|Any CPU.Build.0 = Debug|Any CPU
		{E308872F-ED3E-40C3-0C82-745B80435F3B}.Release|Any CPU.ActiveCfg = Release|Any CPU
		{E308872F-ED3E-40C3-0C82-745B80435F3B}.Release|Any CPU.Build.0 = Release|Any CPU
		{C5557A1D-C931-58F6-C851-492C1A145B54}.Debug|Any CPU.ActiveCfg = Debug|Any CPU
		{C5557A1D-C931-58F6-C851-492C1A145B54}.Debug|Any CPU.Build.0 = Debug|Any CPU
		{C5557A1D-C931-58F6-C851-492C1A145B54}.Release|Any CPU.ActiveCfg = Release|Any CPU
		{C5557A1D-C931-58F6-C851-492C1A145B54}.Release|Any CPU.Build.0 = Release|Any CPU
		{D3371641-A9F1-E0D7-7BC3-8C40483BDEAB}.Debug|Any CPU.ActiveCfg = Debug|Any CPU
		{D3371641-A9F1-E0D7-7BC3-8C40483BDEAB}.Debug|Any CPU.Build.0 = Debug|Any CPU
		{D3371641-A9F1-E0D7-7BC3-8C40483BDEAB}.Release|Any CPU.ActiveCfg = Release|Any CPU
		{D3371641-A9F1-E0D7-7BC3-8C40483BDEAB}.Release|Any CPU.Build.0 = Release|Any CPU
		{EBED587B-6203-1325-C83C-CDC591ED17EA}.Debug|Any CPU.ActiveCfg = Debug|Any CPU
		{EBED587B-6203-1325-C83C-CDC591ED17EA}.Debug|Any CPU.Build.0 = Debug|Any CPU
		{EBED587B-6203-1325-C83C-CDC591ED17EA}.Release|Any CPU.ActiveCfg = Release|Any CPU
		{EBED587B-6203-1325-C83C-CDC591ED17EA}.Release|Any CPU.Build.0 = Release|Any CPU
		{46E1AF0E-8A17-A125-D487-5706CC5F170C}.Debug|Any CPU.ActiveCfg = Debug|Any CPU
		{46E1AF0E-8A17-A125-D487-5706CC5F170C}.Debug|Any CPU.Build.0 = Debug|Any CPU
		{46E1AF0E-8A17-A125-D487-5706CC5F170C}.Release|Any CPU.ActiveCfg = Release|Any CPU
		{46E1AF0E-8A17-A125-D487-5706CC5F170C}.Release|Any CPU.Build.0 = Release|Any CPU
		{985AF301-274B-4188-1EC2-C6C913B3C2E6}.Debug|Any CPU.ActiveCfg = Debug|Any CPU
		{985AF301-274B-4188-1EC2-C6C913B3C2E6}.Debug|Any CPU.Build.0 = Debug|Any CPU
		{985AF301-274B-4188-1EC2-C6C913B3C2E6}.Release|Any CPU.ActiveCfg = Release|Any CPU
		{985AF301-274B-4188-1EC2-C6C913B3C2E6}.Release|Any CPU.Build.0 = Release|Any CPU
		{8907590F-3E13-47C4-16AC-6B2600134223}.Debug|Any CPU.ActiveCfg = Debug|Any CPU
		{8907590F-3E13-47C4-16AC-6B2600134223}.Debug|Any CPU.Build.0 = Debug|Any CPU
		{8907590F-3E13-47C4-16AC-6B2600134223}.Release|Any CPU.ActiveCfg = Release|Any CPU
		{8907590F-3E13-47C4-16AC-6B2600134223}.Release|Any CPU.Build.0 = Release|Any CPU
		{E3495596-78EC-93B5-E201-2D2197C65EF6}.Debug|Any CPU.ActiveCfg = Debug|Any CPU
		{E3495596-78EC-93B5-E201-2D2197C65EF6}.Debug|Any CPU.Build.0 = Debug|Any CPU
		{E3495596-78EC-93B5-E201-2D2197C65EF6}.Release|Any CPU.ActiveCfg = Release|Any CPU
		{E3495596-78EC-93B5-E201-2D2197C65EF6}.Release|Any CPU.Build.0 = Release|Any CPU
		{BE83FF4D-A9BA-B0D3-DC05-55F5BFA499FB}.Debug|Any CPU.ActiveCfg = Debug|Any CPU
		{BE83FF4D-A9BA-B0D3-DC05-55F5BFA499FB}.Debug|Any CPU.Build.0 = Debug|Any CPU
		{BE83FF4D-A9BA-B0D3-DC05-55F5BFA499FB}.Release|Any CPU.ActiveCfg = Release|Any CPU
		{BE83FF4D-A9BA-B0D3-DC05-55F5BFA499FB}.Release|Any CPU.Build.0 = Release|Any CPU
		{CF55346D-E167-1605-D5E4-8F0B11FD5ECB}.Debug|Any CPU.ActiveCfg = Debug|Any CPU
		{CF55346D-E167-1605-D5E4-8F0B11FD5ECB}.Debug|Any CPU.Build.0 = Debug|Any CPU
		{CF55346D-E167-1605-D5E4-8F0B11FD5ECB}.Release|Any CPU.ActiveCfg = Release|Any CPU
		{CF55346D-E167-1605-D5E4-8F0B11FD5ECB}.Release|Any CPU.Build.0 = Release|Any CPU
		{3460828E-ADB2-2157-746E-F2F405ED9BD2}.Debug|Any CPU.ActiveCfg = Debug|Any CPU
		{3460828E-ADB2-2157-746E-F2F405ED9BD2}.Debug|Any CPU.Build.0 = Debug|Any CPU
		{3460828E-ADB2-2157-746E-F2F405ED9BD2}.Release|Any CPU.ActiveCfg = Release|Any CPU
		{3460828E-ADB2-2157-746E-F2F405ED9BD2}.Release|Any CPU.Build.0 = Release|Any CPU
		{A9AB20D5-6240-6342-C02A-879D7851B5A0}.Debug|Any CPU.ActiveCfg = Debug|Any CPU
		{A9AB20D5-6240-6342-C02A-879D7851B5A0}.Debug|Any CPU.Build.0 = Debug|Any CPU
		{A9AB20D5-6240-6342-C02A-879D7851B5A0}.Release|Any CPU.ActiveCfg = Release|Any CPU
		{A9AB20D5-6240-6342-C02A-879D7851B5A0}.Release|Any CPU.Build.0 = Release|Any CPU
		{998E0DEF-6777-87E5-857A-BC063EFE2E07}.Debug|Any CPU.ActiveCfg = Debug|Any CPU
		{998E0DEF-6777-87E5-857A-BC063EFE2E07}.Debug|Any CPU.Build.0 = Debug|Any CPU
		{998E0DEF-6777-87E5-857A-BC063EFE2E07}.Release|Any CPU.ActiveCfg = Release|Any CPU
		{998E0DEF-6777-87E5-857A-BC063EFE2E07}.Release|Any CPU.Build.0 = Release|Any CPU
		{550AE3C2-8EDF-788F-1666-EC6332C08569}.Debug|Any CPU.ActiveCfg = Debug|Any CPU
		{550AE3C2-8EDF-788F-1666-EC6332C08569}.Debug|Any CPU.Build.0 = Debug|Any CPU
		{550AE3C2-8EDF-788F-1666-EC6332C08569}.Release|Any CPU.ActiveCfg = Release|Any CPU
		{550AE3C2-8EDF-788F-1666-EC6332C08569}.Release|Any CPU.Build.0 = Release|Any CPU
		{855267C4-A90D-59F1-21B2-E81A2E44798E}.Debug|Any CPU.ActiveCfg = Debug|Any CPU
		{855267C4-A90D-59F1-21B2-E81A2E44798E}.Debug|Any CPU.Build.0 = Debug|Any CPU
		{855267C4-A90D-59F1-21B2-E81A2E44798E}.Release|Any CPU.ActiveCfg = Release|Any CPU
		{855267C4-A90D-59F1-21B2-E81A2E44798E}.Release|Any CPU.Build.0 = Release|Any CPU
		{B7F627C7-0BF2-CDBA-7E63-3ECD8722FD83}.Debug|Any CPU.ActiveCfg = Debug|Any CPU
		{B7F627C7-0BF2-CDBA-7E63-3ECD8722FD83}.Debug|Any CPU.Build.0 = Debug|Any CPU
		{B7F627C7-0BF2-CDBA-7E63-3ECD8722FD83}.Release|Any CPU.ActiveCfg = Release|Any CPU
		{B7F627C7-0BF2-CDBA-7E63-3ECD8722FD83}.Release|Any CPU.Build.0 = Release|Any CPU
		{17285F31-8FAA-534F-F834-19AA8425873E}.Debug|Any CPU.ActiveCfg = Debug|Any CPU
		{17285F31-8FAA-534F-F834-19AA8425873E}.Debug|Any CPU.Build.0 = Debug|Any CPU
		{17285F31-8FAA-534F-F834-19AA8425873E}.Release|Any CPU.ActiveCfg = Release|Any CPU
		{17285F31-8FAA-534F-F834-19AA8425873E}.Release|Any CPU.Build.0 = Release|Any CPU
		{CDA89953-8D36-8C06-E5CF-0A06535B64D5}.Debug|Any CPU.ActiveCfg = Debug|Any CPU
		{CDA89953-8D36-8C06-E5CF-0A06535B64D5}.Debug|Any CPU.Build.0 = Debug|Any CPU
		{CDA89953-8D36-8C06-E5CF-0A06535B64D5}.Release|Any CPU.ActiveCfg = Release|Any CPU
		{CDA89953-8D36-8C06-E5CF-0A06535B64D5}.Release|Any CPU.Build.0 = Release|Any CPU
		{3B6D5421-ABE9-9522-945B-D1FCF72677F3}.Debug|Any CPU.ActiveCfg = Debug|Any CPU
		{3B6D5421-ABE9-9522-945B-D1FCF72677F3}.Debug|Any CPU.Build.0 = Debug|Any CPU
		{3B6D5421-ABE9-9522-945B-D1FCF72677F3}.Release|Any CPU.ActiveCfg = Release|Any CPU
		{3B6D5421-ABE9-9522-945B-D1FCF72677F3}.Release|Any CPU.Build.0 = Release|Any CPU
		{ADECD187-9CC3-3B3F-9933-0AC698AD3D59}.Debug|Any CPU.ActiveCfg = Debug|Any CPU
		{ADECD187-9CC3-3B3F-9933-0AC698AD3D59}.Debug|Any CPU.Build.0 = Debug|Any CPU
		{ADECD187-9CC3-3B3F-9933-0AC698AD3D59}.Release|Any CPU.ActiveCfg = Release|Any CPU
		{ADECD187-9CC3-3B3F-9933-0AC698AD3D59}.Release|Any CPU.Build.0 = Release|Any CPU
		{8A3D7814-3EF1-6FE6-F4EE-AD7323F34712}.Debug|Any CPU.ActiveCfg = Debug|Any CPU
		{8A3D7814-3EF1-6FE6-F4EE-AD7323F34712}.Debug|Any CPU.Build.0 = Debug|Any CPU
		{8A3D7814-3EF1-6FE6-F4EE-AD7323F34712}.Release|Any CPU.ActiveCfg = Release|Any CPU
		{8A3D7814-3EF1-6FE6-F4EE-AD7323F34712}.Release|Any CPU.Build.0 = Release|Any CPU
		{03B5FCA6-4B46-6E87-EA53-F57ECECBA949}.Debug|Any CPU.ActiveCfg = Debug|Any CPU
		{03B5FCA6-4B46-6E87-EA53-F57ECECBA949}.Debug|Any CPU.Build.0 = Debug|Any CPU
		{03B5FCA6-4B46-6E87-EA53-F57ECECBA949}.Release|Any CPU.ActiveCfg = Release|Any CPU
		{03B5FCA6-4B46-6E87-EA53-F57ECECBA949}.Release|Any CPU.Build.0 = Release|Any CPU
		{0E6663A9-619B-9B96-283B-0D161DF21C32}.Debug|Any CPU.ActiveCfg = Debug|Any CPU
		{0E6663A9-619B-9B96-283B-0D161DF21C32}.Debug|Any CPU.Build.0 = Debug|Any CPU
		{0E6663A9-619B-9B96-283B-0D161DF21C32}.Release|Any CPU.ActiveCfg = Release|Any CPU
		{0E6663A9-619B-9B96-283B-0D161DF21C32}.Release|Any CPU.Build.0 = Release|Any CPU
		{7CD4F087-D0DA-B175-AE59-0622299782A1}.Debug|Any CPU.ActiveCfg = Debug|Any CPU
		{7CD4F087-D0DA-B175-AE59-0622299782A1}.Debug|Any CPU.Build.0 = Debug|Any CPU
		{7CD4F087-D0DA-B175-AE59-0622299782A1}.Release|Any CPU.ActiveCfg = Release|Any CPU
		{7CD4F087-D0DA-B175-AE59-0622299782A1}.Release|Any CPU.Build.0 = Release|Any CPU
		{36D9A429-88A8-6000-CF93-CFC52E0B8AFD}.Debug|Any CPU.ActiveCfg = Debug|Any CPU
		{36D9A429-88A8-6000-CF93-CFC52E0B8AFD}.Debug|Any CPU.Build.0 = Debug|Any CPU
		{36D9A429-88A8-6000-CF93-CFC52E0B8AFD}.Release|Any CPU.ActiveCfg = Release|Any CPU
		{36D9A429-88A8-6000-CF93-CFC52E0B8AFD}.Release|Any CPU.Build.0 = Release|Any CPU
		{030820D3-38D8-290F-83CD-7AF04CD064F3}.Debug|Any CPU.ActiveCfg = Debug|Any CPU
		{030820D3-38D8-290F-83CD-7AF04CD064F3}.Debug|Any CPU.Build.0 = Debug|Any CPU
		{030820D3-38D8-290F-83CD-7AF04CD064F3}.Release|Any CPU.ActiveCfg = Release|Any CPU
		{030820D3-38D8-290F-83CD-7AF04CD064F3}.Release|Any CPU.Build.0 = Release|Any CPU
		{46597685-59E2-0E17-553C-E5B491A172F9}.Debug|Any CPU.ActiveCfg = Debug|Any CPU
		{46597685-59E2-0E17-553C-E5B491A172F9}.Debug|Any CPU.Build.0 = Debug|Any CPU
		{46597685-59E2-0E17-553C-E5B491A172F9}.Release|Any CPU.ActiveCfg = Release|Any CPU
		{46597685-59E2-0E17-553C-E5B491A172F9}.Release|Any CPU.Build.0 = Release|Any CPU
		{962326BE-A448-28EB-3833-44C9B2FCCFC8}.Debug|Any CPU.ActiveCfg = Debug|Any CPU
		{962326BE-A448-28EB-3833-44C9B2FCCFC8}.Debug|Any CPU.Build.0 = Debug|Any CPU
		{962326BE-A448-28EB-3833-44C9B2FCCFC8}.Release|Any CPU.ActiveCfg = Release|Any CPU
		{962326BE-A448-28EB-3833-44C9B2FCCFC8}.Release|Any CPU.Build.0 = Release|Any CPU
		{33FFD1B7-1D94-BE02-9012-33A4F1F8AD46}.Debug|Any CPU.ActiveCfg = Debug|Any CPU
		{33FFD1B7-1D94-BE02-9012-33A4F1F8AD46}.Debug|Any CPU.Build.0 = Debug|Any CPU
		{33FFD1B7-1D94-BE02-9012-33A4F1F8AD46}.Release|Any CPU.ActiveCfg = Release|Any CPU
		{33FFD1B7-1D94-BE02-9012-33A4F1F8AD46}.Release|Any CPU.Build.0 = Release|Any CPU
		{A27592D5-FD12-78A2-1934-CE78795A937A}.Debug|Any CPU.ActiveCfg = Debug|Any CPU
		{A27592D5-FD12-78A2-1934-CE78795A937A}.Debug|Any CPU.Build.0 = Debug|Any CPU
		{A27592D5-FD12-78A2-1934-CE78795A937A}.Release|Any CPU.ActiveCfg = Release|Any CPU
		{A27592D5-FD12-78A2-1934-CE78795A937A}.Release|Any CPU.Build.0 = Release|Any CPU
		{A360F362-6399-815A-F4FA-D053AFFFC11B}.Debug|Any CPU.ActiveCfg = Debug|Any CPU
		{A360F362-6399-815A-F4FA-D053AFFFC11B}.Debug|Any CPU.Build.0 = Debug|Any CPU
		{A360F362-6399-815A-F4FA-D053AFFFC11B}.Release|Any CPU.ActiveCfg = Release|Any CPU
		{A360F362-6399-815A-F4FA-D053AFFFC11B}.Release|Any CPU.Build.0 = Release|Any CPU
		{BBB0C895-764B-D38A-B030-889CF9B30B4A}.Debug|Any CPU.ActiveCfg = Debug|Any CPU
		{BBB0C895-764B-D38A-B030-889CF9B30B4A}.Debug|Any CPU.Build.0 = Debug|Any CPU
		{BBB0C895-764B-D38A-B030-889CF9B30B4A}.Release|Any CPU.ActiveCfg = Release|Any CPU
		{BBB0C895-764B-D38A-B030-889CF9B30B4A}.Release|Any CPU.Build.0 = Release|Any CPU
		{4878C0BF-95C9-400C-FB68-727FAF0C5F66}.Debug|Any CPU.ActiveCfg = Debug|Any CPU
		{4878C0BF-95C9-400C-FB68-727FAF0C5F66}.Debug|Any CPU.Build.0 = Debug|Any CPU
		{4878C0BF-95C9-400C-FB68-727FAF0C5F66}.Release|Any CPU.ActiveCfg = Release|Any CPU
		{4878C0BF-95C9-400C-FB68-727FAF0C5F66}.Release|Any CPU.Build.0 = Release|Any CPU
		{D28E0D7F-9145-4D24-E0C3-8D078D6667CF}.Debug|Any CPU.ActiveCfg = Debug|Any CPU
		{D28E0D7F-9145-4D24-E0C3-8D078D6667CF}.Debug|Any CPU.Build.0 = Debug|Any CPU
		{D28E0D7F-9145-4D24-E0C3-8D078D6667CF}.Release|Any CPU.ActiveCfg = Release|Any CPU
		{D28E0D7F-9145-4D24-E0C3-8D078D6667CF}.Release|Any CPU.Build.0 = Release|Any CPU
		{7E5B88B2-FEE7-C3E7-58B9-7B2CC65C9EC9}.Debug|Any CPU.ActiveCfg = Debug|Any CPU
		{7E5B88B2-FEE7-C3E7-58B9-7B2CC65C9EC9}.Debug|Any CPU.Build.0 = Debug|Any CPU
		{7E5B88B2-FEE7-C3E7-58B9-7B2CC65C9EC9}.Release|Any CPU.ActiveCfg = Release|Any CPU
		{7E5B88B2-FEE7-C3E7-58B9-7B2CC65C9EC9}.Release|Any CPU.Build.0 = Release|Any CPU
		{6600D73A-FD1E-2AE0-6CF3-C9528A396D28}.Debug|Any CPU.ActiveCfg = Debug|Any CPU
		{6600D73A-FD1E-2AE0-6CF3-C9528A396D28}.Debug|Any CPU.Build.0 = Debug|Any CPU
		{6600D73A-FD1E-2AE0-6CF3-C9528A396D28}.Release|Any CPU.ActiveCfg = Release|Any CPU
		{6600D73A-FD1E-2AE0-6CF3-C9528A396D28}.Release|Any CPU.Build.0 = Release|Any CPU
		{25FB714A-1DD5-867F-DB5B-952FE4CEEDC3}.Debug|Any CPU.ActiveCfg = Debug|Any CPU
		{25FB714A-1DD5-867F-DB5B-952FE4CEEDC3}.Debug|Any CPU.Build.0 = Debug|Any CPU
		{25FB714A-1DD5-867F-DB5B-952FE4CEEDC3}.Release|Any CPU.ActiveCfg = Release|Any CPU
		{25FB714A-1DD5-867F-DB5B-952FE4CEEDC3}.Release|Any CPU.Build.0 = Release|Any CPU
		{3B6D8158-C253-2AEB-74DB-70C730D258F7}.Debug|Any CPU.ActiveCfg = Debug|Any CPU
		{3B6D8158-C253-2AEB-74DB-70C730D258F7}.Debug|Any CPU.Build.0 = Debug|Any CPU
		{3B6D8158-C253-2AEB-74DB-70C730D258F7}.Release|Any CPU.ActiveCfg = Release|Any CPU
		{3B6D8158-C253-2AEB-74DB-70C730D258F7}.Release|Any CPU.Build.0 = Release|Any CPU
	EndGlobalSection
	GlobalSection(SolutionProperties) = preSolution
		HideSolutionNode = FALSE
	EndGlobalSection
EndGlobal
